
Microsoft Visual Studio Solution File, Format Version 12.00
# Visual Studio 15
VisualStudioVersion = 15.0.28307.705
MinimumVisualStudioVersion = 10.0.40219.1
Project("{8BC9CEB8-8B4A-11D0-8D11-00A0C91BC942}") = "Classwork20191022", "Classwork20191022\Classwork20191022.vcxproj", "{712F9583-E771-4CAA-B8DF-B554211BF36B}"
EndProject
Global
	GlobalSection(SolutionConfigurationPlatforms) = preSolution
		Debug|x64 = Debug|x64
		Debug|x86 = Debug|x86
		Release|x64 = Release|x64
		Release|x86 = Release|x86
	EndGlobalSection
	GlobalSection(ProjectConfigurationPlatforms) = postSolution
		{712F9583-E771-4CAA-B8DF-B554211BF36B}.Debug|x64.ActiveCfg = Debug|x64
		{712F9583-E771-4CAA-B8DF-B554211BF36B}.Debug|x64.Build.0 = Debug|x64
		{712F9583-E771-4CAA-B8DF-B554211BF36B}.Debug|x86.ActiveCfg = Debug|Win32
		{712F9583-E771-4CAA-B8DF-B554211BF36B}.Debug|x86.Build.0 = Debug|Win32
		{712F9583-E771-4CAA-B8DF-B554211BF36B}.Release|x64.ActiveCfg = Release|x64
		{712F9583-E771-4CAA-B8DF-B554211BF36B}.Release|x64.Build.0 = Release|x64
		{712F9583-E771-4CAA-B8DF-B554211BF36B}.Release|x86.ActiveCfg = Release|Win32
		{712F9583-E771-4CAA-B8DF-B554211BF36B}.Release|x86.Build.0 = Release|Win32
	EndGlobalSection
	GlobalSection(SolutionProperties) = preSolution
		HideSolutionNode = FALSE
	EndGlobalSection
	GlobalSection(ExtensibilityGlobals) = postSolution
		SolutionGuid = {E8431D52-0A25-4D48-ADBA-7793297C68D0}
	EndGlobalSection
EndGlobal
