
Microsoft Visual Studio Solution File, Format Version 12.00
# Visual Studio 15
VisualStudioVersion = 15.0.28307.705
MinimumVisualStudioVersion = 10.0.40219.1
Project("{8BC9CEB8-8B4A-11D0-8D11-00A0C91BC942}") = "Classwork20191008", "Classwork20191008\Classwork20191008.vcxproj", "{B70F828E-1CA8-4775-9F04-96EF50661C71}"
EndProject
Global
	GlobalSection(SolutionConfigurationPlatforms) = preSolution
		Debug|x64 = Debug|x64
		Debug|x86 = Debug|x86
		Release|x64 = Release|x64
		Release|x86 = Release|x86
	EndGlobalSection
	GlobalSection(ProjectConfigurationPlatforms) = postSolution
		{B70F828E-1CA8-4775-9F04-96EF50661C71}.Debug|x64.ActiveCfg = Debug|x64
		{B70F828E-1CA8-4775-9F04-96EF50661C71}.Debug|x64.Build.0 = Debug|x64
		{B70F828E-1CA8-4775-9F04-96EF50661C71}.Debug|x86.ActiveCfg = Debug|Win32
		{B70F828E-1CA8-4775-9F04-96EF50661C71}.Debug|x86.Build.0 = Debug|Win32
		{B70F828E-1CA8-4775-9F04-96EF50661C71}.Release|x64.ActiveCfg = Release|x64
		{B70F828E-1CA8-4775-9F04-96EF50661C71}.Release|x64.Build.0 = Release|x64
		{B70F828E-1CA8-4775-9F04-96EF50661C71}.Release|x86.ActiveCfg = Release|Win32
		{B70F828E-1CA8-4775-9F04-96EF50661C71}.Release|x86.Build.0 = Release|Win32
	EndGlobalSection
	GlobalSection(SolutionProperties) = preSolution
		HideSolutionNode = FALSE
	EndGlobalSection
	GlobalSection(ExtensibilityGlobals) = postSolution
		SolutionGuid = {4A057128-D012-404D-807A-E02503B2911D}
	EndGlobalSection
EndGlobal
